// !$*UTF8*$!
{
	archiveVersion = 1;
	classes = {
	};
	objectVersion = 50;
	objects = {

/* Begin PBXBuildFile section */
		DB1B169326436E6A00CBFD92 /* AppDelegate.swift in Sources */ = {isa = PBXBuildFile; fileRef = DB1B169226436E6A00CBFD92 /* AppDelegate.swift */; };
		DB1B169526436E6A00CBFD92 /* SceneDelegate.swift in Sources */ = {isa = PBXBuildFile; fileRef = DB1B169426436E6A00CBFD92 /* SceneDelegate.swift */; };
		DB1B169726436E6A00CBFD92 /* ViewController.swift in Sources */ = {isa = PBXBuildFile; fileRef = DB1B169626436E6A00CBFD92 /* ViewController.swift */; };
		DB1B169A26436E6A00CBFD92 /* Main.storyboard in Resources */ = {isa = PBXBuildFile; fileRef = DB1B169826436E6A00CBFD92 /* Main.storyboard */; };
		DB1B169C26436E6E00CBFD92 /* Assets.xcassets in Resources */ = {isa = PBXBuildFile; fileRef = DB1B169B26436E6E00CBFD92 /* Assets.xcassets */; };
		DB1B169F26436E6E00CBFD92 /* LaunchScreen.storyboard in Resources */ = {isa = PBXBuildFile; fileRef = DB1B169D26436E6E00CBFD92 /* LaunchScreen.storyboard */; };
		DB1B16AA26436E6F00CBFD92 /* iQuizTests.swift in Sources */ = {isa = PBXBuildFile; fileRef = DB1B16A926436E6F00CBFD92 /* iQuizTests.swift */; };
		DB1B16B526436E6F00CBFD92 /* iQuizUITests.swift in Sources */ = {isa = PBXBuildFile; fileRef = DB1B16B426436E6F00CBFD92 /* iQuizUITests.swift */; };
		DB1B16C3264A702F00CBFD92 /* QuestionViewController.swift in Sources */ = {isa = PBXBuildFile; fileRef = DB1B16C2264A702F00CBFD92 /* QuestionViewController.swift */; };
		DB1B16C5264B1E0300CBFD92 /* OptionPanel.xib in Resources */ = {isa = PBXBuildFile; fileRef = DB1B16C4264B1E0300CBFD92 /* OptionPanel.xib */; };
/* End PBXBuildFile section */

/* Begin PBXContainerItemProxy section */
		DB1B16A626436E6F00CBFD92 /* PBXContainerItemProxy */ = {
			isa = PBXContainerItemProxy;
			containerPortal = DB1B168726436E6A00CBFD92 /* Project object */;
			proxyType = 1;
			remoteGlobalIDString = DB1B168E26436E6A00CBFD92;
			remoteInfo = iQuiz;
		};
		DB1B16B126436E6F00CBFD92 /* PBXContainerItemProxy */ = {
			isa = PBXContainerItemProxy;
			containerPortal = DB1B168726436E6A00CBFD92 /* Project object */;
			proxyType = 1;
			remoteGlobalIDString = DB1B168E26436E6A00CBFD92;
			remoteInfo = iQuiz;
		};
/* End PBXContainerItemProxy section */

/* Begin PBXFileReference section */
		DB1B168F26436E6A00CBFD92 /* iQuiz.app */ = {isa = PBXFileReference; explicitFileType = wrapper.application; includeInIndex = 0; path = iQuiz.app; sourceTree = BUILT_PRODUCTS_DIR; };
		DB1B169226436E6A00CBFD92 /* AppDelegate.swift */ = {isa = PBXFileReference; lastKnownFileType = sourcecode.swift; path = AppDelegate.swift; sourceTree = "<group>"; };
		DB1B169426436E6A00CBFD92 /* SceneDelegate.swift */ = {isa = PBXFileReference; lastKnownFileType = sourcecode.swift; path = SceneDelegate.swift; sourceTree = "<group>"; };
		DB1B169626436E6A00CBFD92 /* ViewController.swift */ = {isa = PBXFileReference; lastKnownFileType = sourcecode.swift; path = ViewController.swift; sourceTree = "<group>"; };
		DB1B169926436E6A00CBFD92 /* Base */ = {isa = PBXFileReference; lastKnownFileType = file.storyboard; name = Base; path = Base.lproj/Main.storyboard; sourceTree = "<group>"; };
		DB1B169B26436E6E00CBFD92 /* Assets.xcassets */ = {isa = PBXFileReference; lastKnownFileType = folder.assetcatalog; path = Assets.xcassets; sourceTree = "<group>"; };
		DB1B169E26436E6E00CBFD92 /* Base */ = {isa = PBXFileReference; lastKnownFileType = file.storyboard; name = Base; path = Base.lproj/LaunchScreen.storyboard; sourceTree = "<group>"; };
		DB1B16A026436E6E00CBFD92 /* Info.plist */ = {isa = PBXFileReference; lastKnownFileType = text.plist.xml; path = Info.plist; sourceTree = "<group>"; };
		DB1B16A526436E6F00CBFD92 /* iQuizTests.xctest */ = {isa = PBXFileReference; explicitFileType = wrapper.cfbundle; includeInIndex = 0; path = iQuizTests.xctest; sourceTree = BUILT_PRODUCTS_DIR; };
		DB1B16A926436E6F00CBFD92 /* iQuizTests.swift */ = {isa = PBXFileReference; lastKnownFileType = sourcecode.swift; path = iQuizTests.swift; sourceTree = "<group>"; };
		DB1B16AB26436E6F00CBFD92 /* Info.plist */ = {isa = PBXFileReference; lastKnownFileType = text.plist.xml; path = Info.plist; sourceTree = "<group>"; };
		DB1B16B026436E6F00CBFD92 /* iQuizUITests.xctest */ = {isa = PBXFileReference; explicitFileType = wrapper.cfbundle; includeInIndex = 0; path = iQuizUITests.xctest; sourceTree = BUILT_PRODUCTS_DIR; };
		DB1B16B426436E6F00CBFD92 /* iQuizUITests.swift */ = {isa = PBXFileReference; lastKnownFileType = sourcecode.swift; path = iQuizUITests.swift; sourceTree = "<group>"; };
		DB1B16B626436E6F00CBFD92 /* Info.plist */ = {isa = PBXFileReference; lastKnownFileType = text.plist.xml; path = Info.plist; sourceTree = "<group>"; };
		DB1B16C2264A702F00CBFD92 /* QuestionViewController.swift */ = {isa = PBXFileReference; lastKnownFileType = sourcecode.swift; name = QuestionViewController.swift; path = ../../../QuestionViewController.swift; sourceTree = "<group>"; };
		DB1B16C4264B1E0300CBFD92 /* OptionPanel.xib */ = {isa = PBXFileReference; lastKnownFileType = file.xib; path = OptionPanel.xib; sourceTree = "<group>"; };
/* End PBXFileReference section */

/* Begin PBXFrameworksBuildPhase section */
		DB1B168C26436E6A00CBFD92 /* Frameworks */ = {
			isa = PBXFrameworksBuildPhase;
			buildActionMask = 2147483647;
			files = (
			);
			runOnlyForDeploymentPostprocessing = 0;
		};
		DB1B16A226436E6F00CBFD92 /* Frameworks */ = {
			isa = PBXFrameworksBuildPhase;
			buildActionMask = 2147483647;
			files = (
			);
			runOnlyForDeploymentPostprocessing = 0;
		};
		DB1B16AD26436E6F00CBFD92 /* Frameworks */ = {
			isa = PBXFrameworksBuildPhase;
			buildActionMask = 2147483647;
			files = (
			);
			runOnlyForDeploymentPostprocessing = 0;
		};
/* End PBXFrameworksBuildPhase section */

/* Begin PBXGroup section */
		DB1B168626436E6A00CBFD92 = {
			isa = PBXGroup;
			children = (
				DB1B169126436E6A00CBFD92 /* iQuiz */,
				DB1B16A826436E6F00CBFD92 /* iQuizTests */,
				DB1B16B326436E6F00CBFD92 /* iQuizUITests */,
				DB1B169026436E6A00CBFD92 /* Products */,
			);
			sourceTree = "<group>";
		};
		DB1B169026436E6A00CBFD92 /* Products */ = {
			isa = PBXGroup;
			children = (
				DB1B168F26436E6A00CBFD92 /* iQuiz.app */,
				DB1B16A526436E6F00CBFD92 /* iQuizTests.xctest */,
				DB1B16B026436E6F00CBFD92 /* iQuizUITests.xctest */,
			);
			name = Products;
			sourceTree = "<group>";
		};
		DB1B169126436E6A00CBFD92 /* iQuiz */ = {
			isa = PBXGroup;
			children = (
				DB1B169226436E6A00CBFD92 /* AppDelegate.swift */,
				DB1B169426436E6A00CBFD92 /* SceneDelegate.swift */,
				DB1B169626436E6A00CBFD92 /* ViewController.swift */,
				DB1B16C4264B1E0300CBFD92 /* OptionPanel.xib */,
				DB1B169826436E6A00CBFD92 /* Main.storyboard */,
				DB1B16C2264A702F00CBFD92 /* QuestionViewController.swift */,
				DB1B169B26436E6E00CBFD92 /* Assets.xcassets */,
				DB1B169D26436E6E00CBFD92 /* LaunchScreen.storyboard */,
				DB1B16A026436E6E00CBFD92 /* Info.plist */,
			);
			path = iQuiz;
			sourceTree = "<group>";
		};
		DB1B16A826436E6F00CBFD92 /* iQuizTests */ = {
			isa = PBXGroup;
			children = (
				DB1B16A926436E6F00CBFD92 /* iQuizTests.swift */,
				DB1B16AB26436E6F00CBFD92 /* Info.plist */,
			);
			path = iQuizTests;
			sourceTree = "<group>";
		};
		DB1B16B326436E6F00CBFD92 /* iQuizUITests */ = {
			isa = PBXGroup;
			children = (
				DB1B16B426436E6F00CBFD92 /* iQuizUITests.swift */,
				DB1B16B626436E6F00CBFD92 /* Info.plist */,
			);
			path = iQuizUITests;
			sourceTree = "<group>";
		};
/* End PBXGroup section */

/* Begin PBXNativeTarget section */
		DB1B168E26436E6A00CBFD92 /* iQuiz */ = {
			isa = PBXNativeTarget;
			buildConfigurationList = DB1B16B926436E6F00CBFD92 /* Build configuration list for PBXNativeTarget "iQuiz" */;
			buildPhases = (
				DB1B168B26436E6A00CBFD92 /* Sources */,
				DB1B168C26436E6A00CBFD92 /* Frameworks */,
				DB1B168D26436E6A00CBFD92 /* Resources */,
			);
			buildRules = (
			);
			dependencies = (
			);
			name = iQuiz;
			productName = iQuiz;
			productReference = DB1B168F26436E6A00CBFD92 /* iQuiz.app */;
			productType = "com.apple.product-type.application";
		};
		DB1B16A426436E6F00CBFD92 /* iQuizTests */ = {
			isa = PBXNativeTarget;
			buildConfigurationList = DB1B16BC26436E6F00CBFD92 /* Build configuration list for PBXNativeTarget "iQuizTests" */;
			buildPhases = (
				DB1B16A126436E6F00CBFD92 /* Sources */,
				DB1B16A226436E6F00CBFD92 /* Frameworks */,
				DB1B16A326436E6F00CBFD92 /* Resources */,
			);
			buildRules = (
			);
			dependencies = (
				DB1B16A726436E6F00CBFD92 /* PBXTargetDependency */,
			);
			name = iQuizTests;
			productName = iQuizTests;
			productReference = DB1B16A526436E6F00CBFD92 /* iQuizTests.xctest */;
			productType = "com.apple.product-type.bundle.unit-test";
		};
		DB1B16AF26436E6F00CBFD92 /* iQuizUITests */ = {
			isa = PBXNativeTarget;
			buildConfigurationList = DB1B16BF26436E6F00CBFD92 /* Build configuration list for PBXNativeTarget "iQuizUITests" */;
			buildPhases = (
				DB1B16AC26436E6F00CBFD92 /* Sources */,
				DB1B16AD26436E6F00CBFD92 /* Frameworks */,
				DB1B16AE26436E6F00CBFD92 /* Resources */,
			);
			buildRules = (
			);
			dependencies = (
				DB1B16B226436E6F00CBFD92 /* PBXTargetDependency */,
			);
			name = iQuizUITests;
			productName = iQuizUITests;
			productReference = DB1B16B026436E6F00CBFD92 /* iQuizUITests.xctest */;
			productType = "com.apple.product-type.bundle.ui-testing";
		};
/* End PBXNativeTarget section */

/* Begin PBXProject section */
		DB1B168726436E6A00CBFD92 /* Project object */ = {
			isa = PBXProject;
			attributes = {
				LastSwiftUpdateCheck = 1250;
				LastUpgradeCheck = 1250;
				TargetAttributes = {
					DB1B168E26436E6A00CBFD92 = {
						CreatedOnToolsVersion = 12.5;
					};
					DB1B16A426436E6F00CBFD92 = {
						CreatedOnToolsVersion = 12.5;
						TestTargetID = DB1B168E26436E6A00CBFD92;
					};
					DB1B16AF26436E6F00CBFD92 = {
						CreatedOnToolsVersion = 12.5;
						TestTargetID = DB1B168E26436E6A00CBFD92;
					};
				};
			};
			buildConfigurationList = DB1B168A26436E6A00CBFD92 /* Build configuration list for PBXProject "iQuiz" */;
			compatibilityVersion = "Xcode 9.3";
			developmentRegion = en;
			hasScannedForEncodings = 0;
			knownRegions = (
				en,
				Base,
			);
			mainGroup = DB1B168626436E6A00CBFD92;
			productRefGroup = DB1B169026436E6A00CBFD92 /* Products */;
			projectDirPath = "";
			projectRoot = "";
			targets = (
				DB1B168E26436E6A00CBFD92 /* iQuiz */,
				DB1B16A426436E6F00CBFD92 /* iQuizTests */,
				DB1B16AF26436E6F00CBFD92 /* iQuizUITests */,
			);
		};
/* End PBXProject section */

/* Begin PBXResourcesBuildPhase section */
		DB1B168D26436E6A00CBFD92 /* Resources */ = {
			isa = PBXResourcesBuildPhase;
			buildActionMask = 2147483647;
			files = (
				DB1B169F26436E6E00CBFD92 /* LaunchScreen.storyboard in Resources */,
				DB1B16C5264B1E0300CBFD92 /* OptionPanel.xib in Resources */,
				DB1B169C26436E6E00CBFD92 /* Assets.xcassets in Resources */,
				DB1B169A26436E6A00CBFD92 /* Main.storyboard in Resources */,
			);
			runOnlyForDeploymentPostprocessing = 0;
		};
		DB1B16A326436E6F00CBFD92 /* Resources */ = {
			isa = PBXResourcesBuildPhase;
			buildActionMask = 2147483647;
			files = (
			);
			runOnlyForDeploymentPostprocessing = 0;
		};
		DB1B16AE26436E6F00CBFD92 /* Resources */ = {
			isa = PBXResourcesBuildPhase;
			buildActionMask = 2147483647;
			files = (
			);
			runOnlyForDeploymentPostprocessing = 0;
		};
/* End PBXResourcesBuildPhase section */

/* Begin PBXSourcesBuildPhase section */
		DB1B168B26436E6A00CBFD92 /* Sources */ = {
			isa = PBXSourcesBuildPhase;
			buildActionMask = 2147483647;
			files = (
				DB1B169726436E6A00CBFD92 /* ViewController.swift in Sources */,
				DB1B169326436E6A00CBFD92 /* AppDelegate.swift in Sources */,
				DB1B16C3264A702F00CBFD92 /* QuestionViewController.swift in Sources */,
				DB1B169526436E6A00CBFD92 /* SceneDelegate.swift in Sources */,
			);
			runOnlyForDeploymentPostprocessing = 0;
		};
		DB1B16A126436E6F00CBFD92 /* Sources */ = {
			isa = PBXSourcesBuildPhase;
			buildActionMask = 2147483647;
			files = (
				DB1B16AA26436E6F00CBFD92 /* iQuizTests.swift in Sources */,
			);
			runOnlyForDeploymentPostprocessing = 0;
		};
		DB1B16AC26436E6F00CBFD92 /* Sources */ = {
			isa = PBXSourcesBuildPhase;
			buildActionMask = 2147483647;
			files = (
				DB1B16B526436E6F00CBFD92 /* iQuizUITests.swift in Sources */,
			);
			runOnlyForDeploymentPostprocessing = 0;
		};
/* End PBXSourcesBuildPhase section */

/* Begin PBXTargetDependency section */
		DB1B16A726436E6F00CBFD92 /* PBXTargetDependency */ = {
			isa = PBXTargetDependency;
			target = DB1B168E26436E6A00CBFD92 /* iQuiz */;
			targetProxy = DB1B16A626436E6F00CBFD92 /* PBXContainerItemProxy */;
		};
		DB1B16B226436E6F00CBFD92 /* PBXTargetDependency */ = {
			isa = PBXTargetDependency;
			target = DB1B168E26436E6A00CBFD92 /* iQuiz */;
			targetProxy = DB1B16B126436E6F00CBFD92 /* PBXContainerItemProxy */;
		};
/* End PBXTargetDependency section */

/* Begin PBXVariantGroup section */
		DB1B169826436E6A00CBFD92 /* Main.storyboard */ = {
			isa = PBXVariantGroup;
			children = (
				DB1B169926436E6A00CBFD92 /* Base */,
			);
			name = Main.storyboard;
			sourceTree = "<group>";
		};
		DB1B169D26436E6E00CBFD92 /* LaunchScreen.storyboard */ = {
			isa = PBXVariantGroup;
			children = (
				DB1B169E26436E6E00CBFD92 /* Base */,
			);
			name = LaunchScreen.storyboard;
			sourceTree = "<group>";
		};
/* End PBXVariantGroup section */

/* Begin XCBuildConfiguration section */
		DB1B16B726436E6F00CBFD92 /* Debug */ = {
			isa = XCBuildConfiguration;
			buildSettings = {
				ALWAYS_SEARCH_USER_PATHS = NO;
				CLANG_ANALYZER_NONNULL = YES;
				CLANG_ANALYZER_NUMBER_OBJECT_CONVERSION = YES_AGGRESSIVE;
				CLANG_CXX_LANGUAGE_STANDARD = "gnu++14";
				CLANG_CXX_LIBRARY = "libc++";
				CLANG_ENABLE_MODULES = YES;
				CLANG_ENABLE_OBJC_ARC = YES;
				CLANG_ENABLE_OBJC_WEAK = YES;
				CLANG_WARN_BLOCK_CAPTURE_AUTORELEASING = YES;
				CLANG_WARN_BOOL_CONVERSION = YES;
				CLANG_WARN_COMMA = YES;
				CLANG_WARN_CONSTANT_CONVERSION = YES;
				CLANG_WARN_DEPRECATED_OBJC_IMPLEMENTATIONS = YES;
				CLANG_WARN_DIRECT_OBJC_ISA_USAGE = YES_ERROR;
				CLANG_WARN_DOCUMENTATION_COMMENTS = YES;
				CLANG_WARN_EMPTY_BODY = YES;
				CLANG_WARN_ENUM_CONVERSION = YES;
				CLANG_WARN_INFINITE_RECURSION = YES;
				CLANG_WARN_INT_CONVERSION = YES;
				CLANG_WARN_NON_LITERAL_NULL_CONVERSION = YES;
				CLANG_WARN_OBJC_IMPLICIT_RETAIN_SELF = YES;
				CLANG_WARN_OBJC_LITERAL_CONVERSION = YES;
				CLANG_WARN_OBJC_ROOT_CLASS = YES_ERROR;
				CLANG_WARN_QUOTED_INCLUDE_IN_FRAMEWORK_HEADER = YES;
				CLANG_WARN_RANGE_LOOP_ANALYSIS = YES;
				CLANG_WARN_STRICT_PROTOTYPES = YES;
				CLANG_WARN_SUSPICIOUS_MOVE = YES;
				CLANG_WARN_UNGUARDED_AVAILABILITY = YES_AGGRESSIVE;
				CLANG_WARN_UNREACHABLE_CODE = YES;
				CLANG_WARN__DUPLICATE_METHOD_MATCH = YES;
				COPY_PHASE_STRIP = NO;
				DEBUG_INFORMATION_FORMAT = dwarf;
				ENABLE_STRICT_OBJC_MSGSEND = YES;
				ENABLE_TESTABILITY = YES;
				GCC_C_LANGUAGE_STANDARD = gnu11;
				GCC_DYNAMIC_NO_PIC = NO;
				GCC_NO_COMMON_BLOCKS = YES;
				GCC_OPTIMIZATION_LEVEL = 0;
				GCC_PREPROCESSOR_DEFINITIONS = (
					"DEBUG=1",
					"$(inherited)",
				);
				GCC_WARN_64_TO_32_BIT_CONVERSION = YES;
				GCC_WARN_ABOUT_RETURN_TYPE = YES_ERROR;
				GCC_WARN_UNDECLARED_SELECTOR = YES;
				GCC_WARN_UNINITIALIZED_AUTOS = YES_AGGRESSIVE;
				GCC_WARN_UNUSED_FUNCTION = YES;
				GCC_WARN_UNUSED_VARIABLE = YES;
				IPHONEOS_DEPLOYMENT_TARGET = 14.5;
				MTL_ENABLE_DEBUG_INFO = INCLUDE_SOURCE;
				MTL_FAST_MATH = YES;
				ONLY_ACTIVE_ARCH = YES;
				SDKROOT = iphoneos;
				SWIFT_ACTIVE_COMPILATION_CONDITIONS = DEBUG;
				SWIFT_OPTIMIZATION_LEVEL = "-Onone";
			};
			name = Debug;
		};
		DB1B16B826436E6F00CBFD92 /* Release */ = {
			isa = XCBuildConfiguration;
			buildSettings = {
				ALWAYS_SEARCH_USER_PATHS = NO;
				CLANG_ANALYZER_NONNULL = YES;
				CLANG_ANALYZER_NUMBER_OBJECT_CONVERSION = YES_AGGRESSIVE;
				CLANG_CXX_LANGUAGE_STANDARD = "gnu++14";
				CLANG_CXX_LIBRARY = "libc++";
				CLANG_ENABLE_MODULES = YES;
				CLANG_ENABLE_OBJC_ARC = YES;
				CLANG_ENABLE_OBJC_WEAK = YES;
				CLANG_WARN_BLOCK_CAPTURE_AUTORELEASING = YES;
				CLANG_WARN_BOOL_CONVERSION = YES;
				CLANG_WARN_COMMA = YES;
				CLANG_WARN_CONSTANT_CONVERSION = YES;
				CLANG_WARN_DEPRECATED_OBJC_IMPLEMENTATIONS = YES;
				CLANG_WARN_DIRECT_OBJC_ISA_USAGE = YES_ERROR;
				CLANG_WARN_DOCUMENTATION_COMMENTS = YES;
				CLANG_WARN_EMPTY_BODY = YES;
				CLANG_WARN_ENUM_CONVERSION = YES;
				CLANG_WARN_INFINITE_RECURSION = YES;
				CLANG_WARN_INT_CONVERSION = YES;
				CLANG_WARN_NON_LITERAL_NULL_CONVERSION = YES;
				CLANG_WARN_OBJC_IMPLICIT_RETAIN_SELF = YES;
				CLANG_WARN_OBJC_LITERAL_CONVERSION = YES;
				CLANG_WARN_OBJC_ROOT_CLASS = YES_ERROR;
				CLANG_WARN_QUOTED_INCLUDE_IN_FRAMEWORK_HEADER = YES;
				CLANG_WARN_RANGE_LOOP_ANALYSIS = YES;
				CLANG_WARN_STRICT_PROTOTYPES = YES;
				CLANG_WARN_SUSPICIOUS_MOVE = YES;
				CLANG_WARN_UNGUARDED_AVAILABILITY = YES_AGGRESSIVE;
				CLANG_WARN_UNREACHABLE_CODE = YES;
				CLANG_WARN__DUPLICATE_METHOD_MATCH = YES;
				COPY_PHASE_STRIP = NO;
				DEBUG_INFORMATION_FORMAT = "dwarf-with-dsym";
				ENABLE_NS_ASSERTIONS = NO;
				ENABLE_STRICT_OBJC_MSGSEND = YES;
				GCC_C_LANGUAGE_STANDARD = gnu11;
				GCC_NO_COMMON_BLOCKS = YES;
				GCC_WARN_64_TO_32_BIT_CONVERSION = YES;
				GCC_WARN_ABOUT_RETURN_TYPE = YES_ERROR;
				GCC_WARN_UNDECLARED_SELECTOR = YES;
				GCC_WARN_UNINITIALIZED_AUTOS = YES_AGGRESSIVE;
				GCC_WARN_UNUSED_FUNCTION = YES;
				GCC_WARN_UNUSED_VARIABLE = YES;
				IPHONEOS_DEPLOYMENT_TARGET = 14.5;
				MTL_ENABLE_DEBUG_INFO = NO;
				MTL_FAST_MATH = YES;
				SDKROOT = iphoneos;
				SWIFT_COMPILATION_MODE = wholemodule;
				SWIFT_OPTIMIZATION_LEVEL = "-O";
				VALIDATE_PRODUCT = YES;
			};
			name = Release;
		};
		DB1B16BA26436E6F00CBFD92 /* Debug */ = {
			isa = XCBuildConfiguration;
			buildSettings = {
				ASSETCATALOG_COMPILER_APPICON_NAME = AppIcon;
				ASSETCATALOG_COMPILER_GLOBAL_ACCENT_COLOR_NAME = AccentColor;
				CODE_SIGN_STYLE = Automatic;
				DEVELOPMENT_TEAM = VCG2QLK4NM;
				INFOPLIST_FILE = iQuiz/Info.plist;
				LD_RUNPATH_SEARCH_PATHS = (
					"$(inherited)",
					"@executable_path/Frameworks",
				);
				PRODUCT_BUNDLE_IDENTIFIER = com.iQuiz;
				PRODUCT_NAME = "$(TARGET_NAME)";
				SWIFT_VERSION = 5.0;
				TARGETED_DEVICE_FAMILY = "1,2";
			};
			name = Debug;
		};
		DB1B16BB26436E6F00CBFD92 /* Release */ = {
			isa = XCBuildConfiguration;
			buildSettings = {
				ASSETCATALOG_COMPILER_APPICON_NAME = AppIcon;
				ASSETCATALOG_COMPILER_GLOBAL_ACCENT_COLOR_NAME = AccentColor;
				CODE_SIGN_STYLE = Automatic;
				DEVELOPMENT_TEAM = VCG2QLK4NM;
				INFOPLIST_FILE = iQuiz/Info.plist;
				LD_RUNPATH_SEARCH_PATHS = (
					"$(inherited)",
					"@executable_path/Frameworks",
				);
				PRODUCT_BUNDLE_IDENTIFIER = com.iQuiz;
				PRODUCT_NAME = "$(TARGET_NAME)";
				SWIFT_VERSION = 5.0;
				TARGETED_DEVICE_FAMILY = "1,2";
			};
			name = Release;
		};
		DB1B16BD26436E6F00CBFD92 /* Debug */ = {
			isa = XCBuildConfiguration;
			buildSettings = {
				ALWAYS_EMBED_SWIFT_STANDARD_LIBRARIES = YES;
				BUNDLE_LOADER = "$(TEST_HOST)";
				CODE_SIGN_STYLE = Automatic;
				DEVELOPMENT_TEAM = VCG2QLK4NM;
				INFOPLIST_FILE = iQuizTests/Info.plist;
				IPHONEOS_DEPLOYMENT_TARGET = 14.5;
				LD_RUNPATH_SEARCH_PATHS = (
					"$(inherited)",
					"@executable_path/Frameworks",
					"@loader_path/Frameworks",
				);
				PRODUCT_BUNDLE_IDENTIFIER = com.iQuizTests;
				PRODUCT_NAME = "$(TARGET_NAME)";
				SWIFT_VERSION = 5.0;
				TARGETED_DEVICE_FAMILY = "1,2";
				TEST_HOST = "$(BUILT_PRODUCTS_DIR)/iQuiz.app/iQuiz";
			};
			name = Debug;
		};
		DB1B16BE26436E6F00CBFD92 /* Release */ = {
			isa = XCBuildConfiguration;
			buildSettings = {
				ALWAYS_EMBED_SWIFT_STANDARD_LIBRARIES = YES;
				BUNDLE_LOADER = "$(TEST_HOST)";
				CODE_SIGN_STYLE = Automatic;
				DEVELOPMENT_TEAM = VCG2QLK4NM;
				INFOPLIST_FILE = iQuizTests/Info.plist;
				IPHONEOS_DEPLOYMENT_TARGET = 14.5;
				LD_RUNPATH_SEARCH_PATHS = (
					"$(inherited)",
					"@executable_path/Frameworks",
					"@loader_path/Frameworks",
				);
				PRODUCT_BUNDLE_IDENTIFIER = com.iQuizTests;
				PRODUCT_NAME = "$(TARGET_NAME)";
				SWIFT_VERSION = 5.0;
				TARGETED_DEVICE_FAMILY = "1,2";
				TEST_HOST = "$(BUILT_PRODUCTS_DIR)/iQuiz.app/iQuiz";
			};
			name = Release;
		};
		DB1B16C026436E6F00CBFD92 /* Debug */ = {
			isa = XCBuildConfiguration;
			buildSettings = {
				ALWAYS_EMBED_SWIFT_STANDARD_LIBRARIES = YES;
				CODE_SIGN_STYLE = Automatic;
				DEVELOPMENT_TEAM = VCG2QLK4NM;
				INFOPLIST_FILE = iQuizUITests/Info.plist;
				LD_RUNPATH_SEARCH_PATHS = (
					"$(inherited)",
					"@executable_path/Frameworks",
					"@loader_path/Frameworks",
				);
				PRODUCT_BUNDLE_IDENTIFIER = com.iQuizUITests;
				PRODUCT_NAME = "$(TARGET_NAME)";
				SWIFT_VERSION = 5.0;
				TARGETED_DEVICE_FAMILY = "1,2";
				TEST_TARGET_NAME = iQuiz;
			};
			name = Debug;
		};
		DB1B16C126436E6F00CBFD92 /* Release */ = {
			isa = XCBuildConfiguration;
			buildSettings = {
				ALWAYS_EMBED_SWIFT_STANDARD_LIBRARIES = YES;
				CODE_SIGN_STYLE = Automatic;
				DEVELOPMENT_TEAM = VCG2QLK4NM;
				INFOPLIST_FILE = iQuizUITests/Info.plist;
				LD_RUNPATH_SEARCH_PATHS = (
					"$(inherited)",
					"@executable_path/Frameworks",
					"@loader_path/Frameworks",
				);
				PRODUCT_BUNDLE_IDENTIFIER = com.iQuizUITests;
				PRODUCT_NAME = "$(TARGET_NAME)";
				SWIFT_VERSION = 5.0;
				TARGETED_DEVICE_FAMILY = "1,2";
				TEST_TARGET_NAME = iQuiz;
			};
			name = Release;
		};
/* End XCBuildConfiguration section */

/* Begin XCConfigurationList section */
		DB1B168A26436E6A00CBFD92 /* Build configuration list for PBXProject "iQuiz" */ = {
			isa = XCConfigurationList;
			buildConfigurations = (
				DB1B16B726436E6F00CBFD92 /* Debug */,
				DB1B16B826436E6F00CBFD92 /* Release */,
			);
			defaultConfigurationIsVisible = 0;
			defaultConfigurationName = Release;
		};
		DB1B16B926436E6F00CBFD92 /* Build configuration list for PBXNativeTarget "iQuiz" */ = {
			isa = XCConfigurationList;
			buildConfigurations = (
				DB1B16BA26436E6F00CBFD92 /* Debug */,
				DB1B16BB26436E6F00CBFD92 /* Release */,
			);
			defaultConfigurationIsVisible = 0;
			defaultConfigurationName = Release;
		};
		DB1B16BC26436E6F00CBFD92 /* Build configuration list for PBXNativeTarget "iQuizTests" */ = {
			isa = XCConfigurationList;
			buildConfigurations = (
				DB1B16BD26436E6F00CBFD92 /* Debug */,
				DB1B16BE26436E6F00CBFD92 /* Release */,
			);
			defaultConfigurationIsVisible = 0;
			defaultConfigurationName = Release;
		};
		DB1B16BF26436E6F00CBFD92 /* Build configuration list for PBXNativeTarget "iQuizUITests" */ = {
			isa = XCConfigurationList;
			buildConfigurations = (
				DB1B16C026436E6F00CBFD92 /* Debug */,
				DB1B16C126436E6F00CBFD92 /* Release */,
			);
			defaultConfigurationIsVisible = 0;
			defaultConfigurationName = Release;
		};
/* End XCConfigurationList section */
	};
	rootObject = DB1B168726436E6A00CBFD92 /* Project object */;
}
